
Microsoft Visual Studio Solution File, Format Version 12.00
# Visual Studio 15
VisualStudioVersion = 15.0.28010.0
MinimumVisualStudioVersion = 10.0.40219.1
Project("{FAE04EC0-301F-11D3-BF4B-00C04F79EFBC}") = "RazorPagesMovie", "RazorPagesMovie\RazorPagesMovie.csproj", "{6F947FAC-975A-4490-B4ED-B2B789B46AAB}"
EndProject
Global
	GlobalSection(SolutionConfigurationPlatforms) = preSolution
		Debug|Any CPU = Debug|Any CPU
		Release|Any CPU = Release|Any CPU
	EndGlobalSection
	GlobalSection(ProjectConfigurationPlatforms) = postSolution
		{6F947FAC-975A-4490-B4ED-B2B789B46AAB}.Debug|Any CPU.ActiveCfg = Debug|Any CPU
		{6F947FAC-975A-4490-B4ED-B2B789B46AAB}.Debug|Any CPU.Build.0 = Debug|Any CPU
		{6F947FAC-975A-4490-B4ED-B2B789B46AAB}.Release|Any CPU.ActiveCfg = Release|Any CPU
		{6F947FAC-975A-4490-B4ED-B2B789B46AAB}.Release|Any CPU.Build.0 = Release|Any CPU
	EndGlobalSection
	GlobalSection(SolutionProperties) = preSolution
		HideSolutionNode = FALSE
	EndGlobalSection
	GlobalSection(ExtensibilityGlobals) = postSolution
		SolutionGuid = {10028D68-1232-4EC1-82FE-3C66C37BE247}
	EndGlobalSection
EndGlobal
